
Microsoft Visual Studio Solution File, Format Version 12.00
# Visual Studio 15
VisualStudioVersion = 15.0.26403.3
MinimumVisualStudioVersion = 10.0.40219.1
Project("{FAE04EC0-301F-11D3-BF4B-00C04F79EFBC}") = "Ratings", "Ratings\Ratings.csproj", "{72423FE2-505B-44EB-BC48-14F3F89C5816}"
EndProject
Project("{FAE04EC0-301F-11D3-BF4B-00C04F79EFBC}") = "Ratings.Test", "Ratings.Test\Ratings.Test.csproj", "{245B9087-BB62-450D-9E9E-C4EF331B64D9}"
EndProject
Global
	GlobalSection(SolutionConfigurationPlatforms) = preSolution
		Debug|Any CPU = Debug|Any CPU
		Release|Any CPU = Release|Any CPU
	EndGlobalSection
	GlobalSection(ProjectConfigurationPlatforms) = postSolution
		{72423FE2-505B-44EB-BC48-14F3F89C5816}.Debug|Any CPU.ActiveCfg = Debug|Any CPU
		{72423FE2-505B-44EB-BC48-14F3F89C5816}.Debug|Any CPU.Build.0 = Debug|Any CPU
		{72423FE2-505B-44EB-BC48-14F3F89C5816}.Release|Any CPU.ActiveCfg = Release|Any CPU
		{72423FE2-505B-44EB-BC48-14F3F89C5816}.Release|Any CPU.Build.0 = Release|Any CPU
		{245B9087-BB62-450D-9E9E-C4EF331B64D9}.Debug|Any CPU.ActiveCfg = Debug|Any CPU
		{245B9087-BB62-450D-9E9E-C4EF331B64D9}.Debug|Any CPU.Build.0 = Debug|Any CPU
		{245B9087-BB62-450D-9E9E-C4EF331B64D9}.Release|Any CPU.ActiveCfg = Release|Any CPU
		{245B9087-BB62-450D-9E9E-C4EF331B64D9}.Release|Any CPU.Build.0 = Release|Any CPU
	EndGlobalSection
	GlobalSection(SolutionProperties) = preSolution
		HideSolutionNode = FALSE
	EndGlobalSection
EndGlobal
